github.com/gorilla/websocket v1.4.2 h1:+/TMaTYc4QFitKJxsQ7Yye35DkWvkdLcvGKqM+x0Ufc=
github.com/gorilla/websocket v1.4.2/go.mod h1:YR8l580nyteQvAITg2hZ9XVh4b55+EU/adAjf1fMHhE=
github.com/smartwalle/net4go v0.0.46/go.mod h1:6R+zGr2Ugz/voywQsiCAUWkb3ul9cvYjI+0potuaLNU=
github.com/smartwalle/net4go v0.0.48 h1:AXkMjinht5poG4DXUVr0Q6pPQwrEFuPO6PF7Wtd36V4=
github.com/smartwalle/net4go v0.0.48/go.mod h1:6R+zGr2Ugz/voywQsiCAUWkb3ul9cvYjI+0potuaLNU=
github.com/smartwalle/net4go v0.0.49 h1:9k9VrdnGNqUBiixo+PTy+hOHXFks736w2I6Ke+5b0q0=
github.com/smartwalle/net4go v0.0.49/go.mod h1:YyLP5zmczM5D3k5PsvAwhxSBkulOwpjE/o44QSFtYAo=
github.com/smartwalle/net4go v0.0.50 h1:X10B2Ky5vtSZtmE9uKOnYzJYDZH0zYL7JuehZbmJmwM=
github.com/smartwalle/net4go v0.0.50/go.mod h1:/1/htyhliAVYvSEvAB9ueU8iWQfWvnMNtdPuTWz5FDY=
github.com/smartwalle/net4go v0.0.51 h1:3yL7xu9/9FRwN86aAjBu35Wfo2PDSOnivdNmUaIxj2Q=
github.com/smartwalle/net4go v0.0.51/go.mod h1:gzSN2xADMI/Zn8wxnDMK5sMfweOjARMpbAzkSicXBrs=
github.com/smartwalle/queue v0.0.1 h1:gqGowFtRZcKPJxiezFeDj+3iiWCdsPitxRfjTdzfWDo=
github.com/smartwalle/queue v0.0.1/go.mod h1:zMEHt/7zLtVwATDUQi3OdBUlbQ2XUzWd7OXP8p/684c=
github.com/smartwalle/queue v0.0.2 h1:vMi8pBDlTY1HtWI/utkDyroVC72cI0MggqC26zTGo4k=
github.com/smartwalle/queue v0.0.2/go.mod h1:zMEHt/7zLtVwATDUQi3OdBUlbQ2XUzWd7OXP8p/684c=
github.com/smartwalle/queue v0.0.3 h1:6QpTliu/gS2vdk/vXXDU8WEcC0/d/M/Ft+xXxkv9kRw=
github.com/smartwalle/queue v0.0.3/go.mod h1:zMEHt/7zLtVwATDUQi3OdBUlbQ2XUzWd7OXP8p/684c=
